<?xml version="1.0" encoding="utf-8"?>
<Project ToolsVersion="4.0" xmlns="http://schemas.microsoft.com/developer/msbuild/2003">
  <ItemGroup>
    <Filter Include="src">
      <UniqueIdentifier>{1d85a6f9-55f8-4d03-80f9-2c4b04399e3e}</UniqueIdentifier>
    </Filter>
    <Filter Include="src\box">
      <UniqueIdentifier>{838368ed-7993-46b6-b8fb-4123bb4a242c}</UniqueIdentifier>
    </Filter>
    <Filter Include="src\cli">
      <UniqueIdentifier>{2fe96798-318a-4186-9163-77b8b52e7bfe}</UniqueIdentifier>
    </Filter>
    <Filter Include="src\crypto">
      <UniqueIdentifier>{b0e64262-9a24-4dfb-ab33-a79c4dba3389}</UniqueIdentifier>
    </Filter>
    <Filter Include="src\filters">
      <UniqueIdentifier>{fb15d1d5-8998-4871-ac52-c53490b9dd6c}</UniqueIdentifier>
    </Filter>
    <Filter Include="src\libs">
      <UniqueIdentifier>{f5bca5a5-8f9d-49aa-aa1c-b2b113d481b8}</UniqueIdentifier>
    </Filter>
    <Filter Include="src\test">
      <UniqueIdentifier>{df13c9c6-d733-4ebc-9937-bda49052c634}</UniqueIdentifier>
    </Filter>
  </ItemGroup>
  <ItemGroup>
    <ClCompile Include="$(MSBuildThisFileDirectory)..\..\..\src\box\archive.cpp">
      <Filter>src\box</Filter>
    </ClCompile>
    <ClCompile Include="$(MSBuildThisFileDirectory)..\..\..\src\box\archive_builder.cpp">
      <Filter>src\box</Filter>
    </ClCompile>
    <ClCompile Include="$(MSBuildThisFileDirectory)..\..\..\src\box\filter_options.cpp">
      <Filter>src\box</Filter>
    </ClCompile>
    <ClCompile Include="$(MSBuildThisFileDirectory)..\..\..\src\box\filter_queue.cpp">
      <Filter>src\box</Filter>
    </ClCompile>
    <ClCompile Include="$(MSBuildThisFileDirectory)..\..\..\src\cli\args.cpp">
      <Filter>src\cli</Filter>
    </ClCompile>
    <ClCompile Include="$(MSBuildThisFileDirectory)..\..\..\src\crypto\aes.cpp">
      <Filter>src\crypto</Filter>
    </ClCompile>
    <ClCompile Include="$(MSBuildThisFileDirectory)..\..\..\src\filters\deflate_filter.cpp">
      <Filter>src\filters</Filter>
    </ClCompile>
    <ClCompile Include="$(MSBuildThisFileDirectory)..\..\..\src\filters\lzma_filter.cpp">
      <Filter>src\filters</Filter>
    </ClCompile>
    <ClCompile Include="$(MSBuildThisFileDirectory)..\..\..\src\filters\xdelta3_filter.cpp">
      <Filter>src\filters</Filter>
    </ClCompile>
    <ClCompile Include="$(MSBuildThisFileDirectory)..\..\..\src\test\test_support.cpp">
      <Filter>src\test</Filter>
    </ClCompile>
  </ItemGroup>
  <ItemGroup>
    <ClInclude Include="$(MSBuildThisFileDirectory)..\..\..\src\box\archive.h">
      <Filter>src\box</Filter>
    </ClInclude>
    <ClInclude Include="$(MSBuildThisFileDirectory)..\..\..\src\box\archive_builder.h">
      <Filter>src\box</Filter>
    </ClInclude>
    <ClInclude Include="$(MSBuildThisFileDirectory)..\..\..\src\box\filter_options.h">
      <Filter>src\box</Filter>
    </ClInclude>
    <ClInclude Include="$(MSBuildThisFileDirectory)..\..\..\src\box\filter_queue.h">
      <Filter>src\box</Filter>
    </ClInclude>
    <ClInclude Include="$(MSBuildThisFileDirectory)..\..\..\src\box\header.h">
      <Filter>src\box</Filter>
    </ClInclude>
    <ClInclude Include="$(MSBuildThisFileDirectory)..\..\..\src\cli\args.h">
      <Filter>src\cli</Filter>
    </ClInclude>
    <ClInclude Include="$(MSBuildThisFileDirectory)..\..\..\src\crypto\crypto.h">
      <Filter>src\crypto</Filter>
    </ClInclude>
    <ClInclude Include="$(MSBuildThisFileDirectory)..\..\..\src\filters\deflate_filter.h">
      <Filter>src\filters</Filter>
    </ClInclude>
    <ClInclude Include="$(MSBuildThisFileDirectory)..\..\..\src\filters\filters.h">
      <Filter>src\filters</Filter>
    </ClInclude>
    <ClInclude Include="$(MSBuildThisFileDirectory)..\..\..\src\filters\lzma_filter.h">
      <Filter>src\filters</Filter>
    </ClInclude>
    <ClInclude Include="$(MSBuildThisFileDirectory)..\..\..\src\filters\xdelta3_filter.h">
      <Filter>src\filters</Filter>
    </ClInclude>
    <ClInclude Include="$(MSBuildThisFileDirectory)..\..\..\src\test\catch.h">
      <Filter>src\test</Filter>
    </ClInclude>
    <ClInclude Include="$(MSBuildThisFileDirectory)..\..\..\src\test\test_support.h">
      <Filter>src\test</Filter>
    </ClInclude>
    <ClInclude Include="$(MSBuildThisFileDirectory)..\..\..\src\cli\box.h">
      <Filter>src\cli</Filter>
    </ClInclude>
    <ClInclude Include="$(MSBuildThisFileDirectory)..\..\..\src\cli\cxxopts.hpp">
      <Filter>src\cli</Filter>
    </ClInclude>
  </ItemGroup>
</Project>