<?xml version="1.0" encoding="utf-8"?>
<Project ToolsVersion="4.0" xmlns="http://schemas.microsoft.com/developer/msbuild/2003">
  <ItemGroup>
    <Filter Include="src">
      <UniqueIdentifier>{1e68a3c6-8133-4112-b22b-ce5b544d3c33}</UniqueIdentifier>
    </Filter>
  </ItemGroup>
  <ItemGroup>
    <ClCompile Include="..\..\..\src\gui\gui.cpp">
      <Filter>src</Filter>
    </ClCompile>
  </ItemGroup>
</Project>